
Microsoft Visual Studio Solution File, Format Version 12.00
# Visual Studio Version 16
VisualStudioVersion = 16.0.30225.117
MinimumVisualStudioVersion = 10.0.40219.1
Project("{FAE04EC0-301F-11D3-BF4B-00C04F79EFBC}") = "ChatApi.Api", "ChatApi.Api\ChatApi.Api.csproj", "{D6891901-E931-41AB-B14D-ED832AD181C0}"
EndProject
Global
	GlobalSection(SolutionConfigurationPlatforms) = preSolution
		Debug|Any CPU = Debug|Any CPU
		Release|Any CPU = Release|Any CPU
	EndGlobalSection
	GlobalSection(ProjectConfigurationPlatforms) = postSolution
		{D6891901-E931-41AB-B14D-ED832AD181C0}.Debug|Any CPU.ActiveCfg = Debug|Any CPU
		{D6891901-E931-41AB-B14D-ED832AD181C0}.Debug|Any CPU.Build.0 = Debug|Any CPU
		{D6891901-E931-41AB-B14D-ED832AD181C0}.Release|Any CPU.ActiveCfg = Release|Any CPU
		{D6891901-E931-41AB-B14D-ED832AD181C0}.Release|Any CPU.Build.0 = Release|Any CPU
	EndGlobalSection
	GlobalSection(SolutionProperties) = preSolution
		HideSolutionNode = FALSE
	EndGlobalSection
	GlobalSection(ExtensibilityGlobals) = postSolution
		SolutionGuid = {FF2AF1B4-997B-4CB5-B30F-25DA76F9A916}
	EndGlobalSection
EndGlobal
